
Microsoft Visual Studio Solution File, Format Version 12.00
# Visual Studio Version 17
VisualStudioVersion = 17.10.35013.160
MinimumVisualStudioVersion = 10.0.40219.1
Project("{9A19103F-16F7-4668-BE54-9A1E7A4F7556}") = "DegtyarenkoTestSaber", "DegtyarenkoTestSaber\DegtyarenkoTestSaber.csproj", "{230E12A0-AFCF-4E2E-87AB-4AFF64B7A10F}"
EndProject
Project("{FAE04EC0-301F-11D3-BF4B-00C04F79EFBC}") = "DegtyarenkoTestSaber.Tests", "DegtyarenkoTestSaber.Tests\DegtyarenkoTestSaber.Tests.csproj", "{663FF5AC-0183-4AB0-B4E7-30EE0A1B8E4E}"
EndProject
Global
	GlobalSection(SolutionConfigurationPlatforms) = preSolution
		Debug|Any CPU = Debug|Any CPU
		Release|Any CPU = Release|Any CPU
	EndGlobalSection
	GlobalSection(ProjectConfigurationPlatforms) = postSolution
		{230E12A0-AFCF-4E2E-87AB-4AFF64B7A10F}.Debug|Any CPU.ActiveCfg = Debug|Any CPU
		{230E12A0-AFCF-4E2E-87AB-4AFF64B7A10F}.Debug|Any CPU.Build.0 = Debug|Any CPU
		{230E12A0-AFCF-4E2E-87AB-4AFF64B7A10F}.Release|Any CPU.ActiveCfg = Release|Any CPU
		{230E12A0-AFCF-4E2E-87AB-4AFF64B7A10F}.Release|Any CPU.Build.0 = Release|Any CPU
		{663FF5AC-0183-4AB0-B4E7-30EE0A1B8E4E}.Debug|Any CPU.ActiveCfg = Debug|Any CPU
		{663FF5AC-0183-4AB0-B4E7-30EE0A1B8E4E}.Debug|Any CPU.Build.0 = Debug|Any CPU
		{663FF5AC-0183-4AB0-B4E7-30EE0A1B8E4E}.Release|Any CPU.ActiveCfg = Release|Any CPU
		{663FF5AC-0183-4AB0-B4E7-30EE0A1B8E4E}.Release|Any CPU.Build.0 = Release|Any CPU
	EndGlobalSection
	GlobalSection(SolutionProperties) = preSolution
		HideSolutionNode = FALSE
	EndGlobalSection
	GlobalSection(ExtensibilityGlobals) = postSolution
		SolutionGuid = {F69B59DB-09A2-46A6-BCD9-B6EC68C24160}
	EndGlobalSection
EndGlobal
